
Microsoft Visual Studio Solution File, Format Version 12.00
# Visual Studio Version 16
VisualStudioVersion = 16.0.31702.278
MinimumVisualStudioVersion = 10.0.40219.1
Project("{FAE04EC0-301F-11D3-BF4B-00C04F79EFBC}") = "CodeAnalysis", "CodeAnalysis\CodeAnalysis.csproj", "{B5C6DA71-6ADA-4EC8-939B-B8FC6E0CCABB}"
EndProject
Project("{2150E333-8FDC-42A3-9474-1A3956D46DE8}") = "Solution Items", "Solution Items", "{3548FF23-DC48-44D4-81D7-380B3EF26CA6}"
	ProjectSection(SolutionItems) = preProject
		.editorconfig = .editorconfig
	EndProjectSection
EndProject
Global
	GlobalSection(SolutionConfigurationPlatforms) = preSolution
		Debug|Any CPU = Debug|Any CPU
		Release|Any CPU = Release|Any CPU
	EndGlobalSection
	GlobalSection(ProjectConfigurationPlatforms) = postSolution
		{B5C6DA71-6ADA-4EC8-939B-B8FC6E0CCABB}.Debug|Any CPU.ActiveCfg = Debug|Any CPU
		{B5C6DA71-6ADA-4EC8-939B-B8FC6E0CCABB}.Debug|Any CPU.Build.0 = Debug|Any CPU
		{B5C6DA71-6ADA-4EC8-939B-B8FC6E0CCABB}.Release|Any CPU.ActiveCfg = Release|Any CPU
		{B5C6DA71-6ADA-4EC8-939B-B8FC6E0CCABB}.Release|Any CPU.Build.0 = Release|Any CPU
	EndGlobalSection
	GlobalSection(SolutionProperties) = preSolution
		HideSolutionNode = FALSE
	EndGlobalSection
	GlobalSection(ExtensibilityGlobals) = postSolution
		SolutionGuid = {672F2781-5C9B-431D-A680-DFA9FA7A57CB}
	EndGlobalSection
EndGlobal
